
Microsoft Visual Studio Solution File, Format Version 12.00
# Visual Studio Version 16
VisualStudioVersion = 16.0.30711.63
MinimumVisualStudioVersion = 10.0.40219.1
Project("{9A19103F-16F7-4668-BE54-9A1E7A4F7556}") = "ShopApp.WebUI", "ShopApp.WebUI\ShopApp.WebUI.csproj", "{96B0FB38-8E39-41EF-900C-C85D0221CCD9}"
EndProject
Project("{FAE04EC0-301F-11D3-BF4B-00C04F79EFBC}") = "ShopApp.Entity", "ShopApp.Entity\ShopApp.Entity.csproj", "{AD116619-2D7B-4474-8AAC-BE2A9167EE1B}"
EndProject
Project("{FAE04EC0-301F-11D3-BF4B-00C04F79EFBC}") = "ShopApp.DataAccess", "ShopApp.DataAccess\ShopApp.DataAccess.csproj", "{E6335D12-5D6E-4D3C-9386-22DA531B9051}"
EndProject
Global
	GlobalSection(SolutionConfigurationPlatforms) = preSolution
		Debug|Any CPU = Debug|Any CPU
		Release|Any CPU = Release|Any CPU
	EndGlobalSection
	GlobalSection(ProjectConfigurationPlatforms) = postSolution
		{96B0FB38-8E39-41EF-900C-C85D0221CCD9}.Debug|Any CPU.ActiveCfg = Debug|Any CPU
		{96B0FB38-8E39-41EF-900C-C85D0221CCD9}.Debug|Any CPU.Build.0 = Debug|Any CPU
		{96B0FB38-8E39-41EF-900C-C85D0221CCD9}.Release|Any CPU.ActiveCfg = Release|Any CPU
		{96B0FB38-8E39-41EF-900C-C85D0221CCD9}.Release|Any CPU.Build.0 = Release|Any CPU
		{AD116619-2D7B-4474-8AAC-BE2A9167EE1B}.Debug|Any CPU.ActiveCfg = Debug|Any CPU
		{AD116619-2D7B-4474-8AAC-BE2A9167EE1B}.Debug|Any CPU.Build.0 = Debug|Any CPU
		{AD116619-2D7B-4474-8AAC-BE2A9167EE1B}.Release|Any CPU.ActiveCfg = Release|Any CPU
		{AD116619-2D7B-4474-8AAC-BE2A9167EE1B}.Release|Any CPU.Build.0 = Release|Any CPU
		{E6335D12-5D6E-4D3C-9386-22DA531B9051}.Debug|Any CPU.ActiveCfg = Debug|Any CPU
		{E6335D12-5D6E-4D3C-9386-22DA531B9051}.Debug|Any CPU.Build.0 = Debug|Any CPU
		{E6335D12-5D6E-4D3C-9386-22DA531B9051}.Release|Any CPU.ActiveCfg = Release|Any CPU
		{E6335D12-5D6E-4D3C-9386-22DA531B9051}.Release|Any CPU.Build.0 = Release|Any CPU
	EndGlobalSection
	GlobalSection(SolutionProperties) = preSolution
		HideSolutionNode = FALSE
	EndGlobalSection
	GlobalSection(ExtensibilityGlobals) = postSolution
		SolutionGuid = {AC1F3852-41F7-4776-B532-A84DBE217424}
	EndGlobalSection
EndGlobal
